
Microsoft Visual Studio Solution File, Format Version 12.00
# Visual Studio Version 17
VisualStudioVersion = 17.1.32210.238
MinimumVisualStudioVersion = 10.0.40219.1
Project("{FAE04EC0-301F-11D3-BF4B-00C04F79EFBC}") = "exercise3", "exercise3\exercise3.csproj", "{5B9A47AE-6FAB-4C04-8069-6F723572D69C}"
EndProject
Global
	GlobalSection(SolutionConfigurationPlatforms) = preSolution
		Debug|Any CPU = Debug|Any CPU
		Release|Any CPU = Release|Any CPU
	EndGlobalSection
	GlobalSection(ProjectConfigurationPlatforms) = postSolution
		{5B9A47AE-6FAB-4C04-8069-6F723572D69C}.Debug|Any CPU.ActiveCfg = Debug|Any CPU
		{5B9A47AE-6FAB-4C04-8069-6F723572D69C}.Debug|Any CPU.Build.0 = Debug|Any CPU
		{5B9A47AE-6FAB-4C04-8069-6F723572D69C}.Release|Any CPU.ActiveCfg = Release|Any CPU
		{5B9A47AE-6FAB-4C04-8069-6F723572D69C}.Release|Any CPU.Build.0 = Release|Any CPU
	EndGlobalSection
	GlobalSection(SolutionProperties) = preSolution
		HideSolutionNode = FALSE
	EndGlobalSection
	GlobalSection(ExtensibilityGlobals) = postSolution
		SolutionGuid = {37265DF4-CAF3-44D6-B84E-D1BE94CEA48C}
	EndGlobalSection
EndGlobal
